// !$*UTF8*$!
{
	archiveVersion = 1;
	classes = {
	};
	objectVersion = 50;
	objects = {

/* Begin PBXBuildFile section */
		1C03402F21C63AEF00488DAE /* iPhoneSE.storyboard in Resources */ = {isa = PBXBuildFile; fileRef = 1C03402E21C63AEF00488DAE /* iPhoneSE.storyboard */; };
		1C03403121C63BD300488DAE /* iPhone8Plus.storyboard in Resources */ = {isa = PBXBuildFile; fileRef = 1C03403021C63BD300488DAE /* iPhone8Plus.storyboard */; };
		1CDF11D921C0B91300CEDDA6 /* AppDelegate.swift in Sources */ = {isa = PBXBuildFile; fileRef = 1CDF11D821C0B91300CEDDA6 /* AppDelegate.swift */; };
		1CDF11DB21C0B91300CEDDA6 /* ViewController.swift in Sources */ = {isa = PBXBuildFile; fileRef = 1CDF11DA21C0B91300CEDDA6 /* ViewController.swift */; };
		1CDF11DE21C0B91400CEDDA6 /* Main.storyboard in Resources */ = {isa = PBXBuildFile; fileRef = 1CDF11DC21C0B91400CEDDA6 /* Main.storyboard */; };
		1CDF11E021C0B91500CEDDA6 /* Assets.xcassets in Resources */ = {isa = PBXBuildFile; fileRef = 1CDF11DF21C0B91500CEDDA6 /* Assets.xcassets */; };
		1CDF11E321C0B91500CEDDA6 /* LaunchScreen.storyboard in Resources */ = {isa = PBXBuildFile; fileRef = 1CDF11E121C0B91500CEDDA6 /* LaunchScreen.storyboard */; };
/* End PBXBuildFile section */

/* Begin PBXFileReference section */
		1C03402E21C63AEF00488DAE /* iPhoneSE.storyboard */ = {isa = PBXFileReference; lastKnownFileType = file.storyboard; path = iPhoneSE.storyboard; sourceTree = "<group>"; };
		1C03403021C63BD300488DAE /* iPhone8Plus.storyboard */ = {isa = PBXFileReference; lastKnownFileType = file.storyboard; path = iPhone8Plus.storyboard; sourceTree = "<group>"; };
		1CDF11D521C0B91300CEDDA6 /* tarte.app */ = {isa = PBXFileReference; explicitFileType = wrapper.application; includeInIndex = 0; path = tarte.app; sourceTree = BUILT_PRODUCTS_DIR; };
		1CDF11D821C0B91300CEDDA6 /* AppDelegate.swift */ = {isa = PBXFileReference; lastKnownFileType = sourcecode.swift; path = AppDelegate.swift; sourceTree = "<group>"; };
		1CDF11DA21C0B91300CEDDA6 /* ViewController.swift */ = {isa = PBXFileReference; lastKnownFileType = sourcecode.swift; path = ViewController.swift; sourceTree = "<group>"; };
		1CDF11DD21C0B91400CEDDA6 /* Base */ = {isa = PBXFileReference; lastKnownFileType = file.storyboard; name = Base; path = Base.lproj/Main.storyboard; sourceTree = "<group>"; };
		1CDF11DF21C0B91500CEDDA6 /* Assets.xcassets */ = {isa = PBXFileReference; lastKnownFileType = folder.assetcatalog; path = Assets.xcassets; sourceTree = "<group>"; };
		1CDF11E221C0B91500CEDDA6 /* Base */ = {isa = PBXFileReference; lastKnownFileType = file.storyboard; name = Base; path = Base.lproj/LaunchScreen.storyboard; sourceTree = "<group>"; };
		1CDF11E421C0B91500CEDDA6 /* Info.plist */ = {isa = PBXFileReference; lastKnownFileType = text.plist.xml; path = Info.plist; sourceTree = "<group>"; };
/* End PBXFileReference section */

/* Begin PBXFrameworksBuildPhase section */
		1CDF11D221C0B91300CEDDA6 /* Frameworks */ = {
			isa = PBXFrameworksBuildPhase;
			buildActionMask = 2147483647;
			files = (
			);
			runOnlyForDeploymentPostprocessing = 0;
		};
/* End PBXFrameworksBuildPhase section */

/* Begin PBXGroup section */
		1CDF11CC21C0B91300CEDDA6 = {
			isa = PBXGroup;
			children = (
				1CDF11D721C0B91300CEDDA6 /* tarte */,
				1CDF11D621C0B91300CEDDA6 /* Products */,
			);
			sourceTree = "<group>";
		};
		1CDF11D621C0B91300CEDDA6 /* Products */ = {
			isa = PBXGroup;
			children = (
				1CDF11D521C0B91300CEDDA6 /* tarte.app */,
			);
			name = Products;
			sourceTree = "<group>";
		};
		1CDF11D721C0B91300CEDDA6 /* tarte */ = {
			isa = PBXGroup;
			children = (
				1CDF11D821C0B91300CEDDA6 /* AppDelegate.swift */,
				1CDF11DA21C0B91300CEDDA6 /* ViewController.swift */,
				1CDF11DC21C0B91400CEDDA6 /* Main.storyboard */,
				1C03402E21C63AEF00488DAE /* iPhoneSE.storyboard */,
				1C03403021C63BD300488DAE /* iPhone8Plus.storyboard */,
				1CDF11DF21C0B91500CEDDA6 /* Assets.xcassets */,
				1CDF11E121C0B91500CEDDA6 /* LaunchScreen.storyboard */,
				1CDF11E421C0B91500CEDDA6 /* Info.plist */,
			);
			path = tarte;
			sourceTree = "<group>";
		};
/* End PBXGroup section */

/* Begin PBXNativeTarget section */
		1CDF11D421C0B91300CEDDA6 /* tarte */ = {
			isa = PBXNativeTarget;
			buildConfigurationList = 1CDF11E721C0B91500CEDDA6 /* Build configuration list for PBXNativeTarget "tarte" */;
			buildPhases = (
				1CDF11D121C0B91300CEDDA6 /* Sources */,
				1CDF11D221C0B91300CEDDA6 /* Frameworks */,
				1CDF11D321C0B91300CEDDA6 /* Resources */,
			);
			buildRules = (
			);
			dependencies = (
			);
			name = tarte;
			productName = tarte;
			productReference = 1CDF11D521C0B91300CEDDA6 /* tarte.app */;
			productType = "com.apple.product-type.application";
		};
/* End PBXNativeTarget section */

/* Begin PBXProject section */
		1CDF11CD21C0B91300CEDDA6 /* Project object */ = {
			isa = PBXProject;
			attributes = {
				LastSwiftUpdateCheck = 1010;
				LastUpgradeCheck = 1010;
				ORGANIZATIONNAME = onox;
				TargetAttributes = {
					1CDF11D421C0B91300CEDDA6 = {
						CreatedOnToolsVersion = 10.1;
					};
				};
			};
			buildConfigurationList = 1CDF11D021C0B91300CEDDA6 /* Build configuration list for PBXProject "tarte" */;
			compatibilityVersion = "Xcode 9.3";
			developmentRegion = en;
			hasScannedForEncodings = 0;
			knownRegions = (
				en,
				Base,
			);
			mainGroup = 1CDF11CC21C0B91300CEDDA6;
			productRefGroup = 1CDF11D621C0B91300CEDDA6 /* Products */;
			projectDirPath = "";
			projectRoot = "";
			targets = (
				1CDF11D421C0B91300CEDDA6 /* tarte */,
			);
		};
/* End PBXProject section */

/* Begin PBXResourcesBuildPhase section */
		1CDF11D321C0B91300CEDDA6 /* Resources */ = {
			isa = PBXResourcesBuildPhase;
			buildActionMask = 2147483647;
			files = (
				1CDF11E321C0B91500CEDDA6 /* LaunchScreen.storyboard in Resources */,
				1C03402F21C63AEF00488DAE /* iPhoneSE.storyboard in Resources */,
				1CDF11E021C0B91500CEDDA6 /* Assets.xcassets in Resources */,
				1C03403121C63BD300488DAE /* iPhone8Plus.storyboard in Resources */,
				1CDF11DE21C0B91400CEDDA6 /* Main.storyboard in Resources */,
			);
			runOnlyForDeploymentPostprocessing = 0;
		};
/* End PBXResourcesBuildPhase section */

/* Begin PBXSourcesBuildPhase section */
		1CDF11D121C0B91300CEDDA6 /* Sources */ = {
			isa = PBXSourcesBuildPhase;
			buildActionMask = 2147483647;
			files = (
				1CDF11DB21C0B91300CEDDA6 /* ViewController.swift in Sources */,
				1CDF11D921C0B91300CEDDA6 /* AppDelegate.swift in Sources */,
			);
			runOnlyForDeploymentPostprocessing = 0;
		};
/* End PBXSourcesBuildPhase section */

/* Begin PBXVariantGroup section */
		1CDF11DC21C0B91400CEDDA6 /* Main.storyboard */ = {
			isa = PBXVariantGroup;
			children = (
				1CDF11DD21C0B91400CEDDA6 /* Base */,
			);
			name = Main.storyboard;
			sourceTree = "<group>";
		};
		1CDF11E121C0B91500CEDDA6 /* LaunchScreen.storyboard */ = {
			isa = PBXVariantGroup;
			children = (
				1CDF11E221C0B91500CEDDA6 /* Base */,
			);
			name = LaunchScreen.storyboard;
			sourceTree = "<group>";
		};
/* End PBXVariantGroup section */

/* Begin XCBuildConfiguration section */
		1CDF11E521C0B91500CEDDA6 /* Debug */ = {
			isa = XCBuildConfiguration;
			buildSettings = {
				ALWAYS_SEARCH_USER_PATHS = NO;
				CLANG_ANALYZER_NONNULL = YES;
				CLANG_ANALYZER_NUMBER_OBJECT_CONVERSION = YES_AGGRESSIVE;
				CLANG_CXX_LANGUAGE_STANDARD = "gnu++14";
				CLANG_CXX_LIBRARY = "libc++";
				CLANG_ENABLE_MODULES = YES;
				CLANG_ENABLE_OBJC_ARC = YES;
				CLANG_ENABLE_OBJC_WEAK = YES;
				CLANG_WARN_BLOCK_CAPTURE_AUTORELEASING = YES;
				CLANG_WARN_BOOL_CONVERSION = YES;
				CLANG_WARN_COMMA = YES;
				CLANG_WARN_CONSTANT_CONVERSION = YES;
				CLANG_WARN_DEPRECATED_OBJC_IMPLEMENTATIONS = YES;
				CLANG_WARN_DIRECT_OBJC_ISA_USAGE = YES_ERROR;
				CLANG_WARN_DOCUMENTATION_COMMENTS = YES;
				CLANG_WARN_EMPTY_BODY = YES;
				CLANG_WARN_ENUM_CONVERSION = YES;
				CLANG_WARN_INFINITE_RECURSION = YES;
				CLANG_WARN_INT_CONVERSION = YES;
				CLANG_WARN_NON_LITERAL_NULL_CONVERSION = YES;
				CLANG_WARN_OBJC_IMPLICIT_RETAIN_SELF = YES;
				CLANG_WARN_OBJC_LITERAL_CONVERSION = YES;
				CLANG_WARN_OBJC_ROOT_CLASS = YES_ERROR;
				CLANG_WARN_RANGE_LOOP_ANALYSIS = YES;
				CLANG_WARN_STRICT_PROTOTYPES = YES;
				CLANG_WARN_SUSPICIOUS_MOVE = YES;
				CLANG_WARN_UNGUARDED_AVAILABILITY = YES_AGGRESSIVE;
				CLANG_WARN_UNREACHABLE_CODE = YES;
				CLANG_WARN__DUPLICATE_METHOD_MATCH = YES;
				CODE_SIGN_IDENTITY = "iPhone Developer";
				COPY_PHASE_STRIP = NO;
				DEBUG_INFORMATION_FORMAT = dwarf;
				ENABLE_STRICT_OBJC_MSGSEND = YES;
				ENABLE_TESTABILITY = YES;
				GCC_C_LANGUAGE_STANDARD = gnu11;
				GCC_DYNAMIC_NO_PIC = NO;
				GCC_NO_COMMON_BLOCKS = YES;
				GCC_OPTIMIZATION_LEVEL = 0;
				GCC_PREPROCESSOR_DEFINITIONS = (
					"DEBUG=1",
					"$(inherited)",
				);
				GCC_WARN_64_TO_32_BIT_CONVERSION = YES;
				GCC_WARN_ABOUT_RETURN_TYPE = YES_ERROR;
				GCC_WARN_UNDECLARED_SELECTOR = YES;
				GCC_WARN_UNINITIALIZED_AUTOS = YES_AGGRESSIVE;
				GCC_WARN_UNUSED_FUNCTION = YES;
				GCC_WARN_UNUSED_VARIABLE = YES;
				IPHONEOS_DEPLOYMENT_TARGET = 12.1;
				MTL_ENABLE_DEBUG_INFO = INCLUDE_SOURCE;
				MTL_FAST_MATH = YES;
				ONLY_ACTIVE_ARCH = YES;
				SDKROOT = iphoneos;
				SWIFT_ACTIVE_COMPILATION_CONDITIONS = DEBUG;
				SWIFT_OPTIMIZATION_LEVEL = "-Onone";
			};
			name = Debug;
		};
		1CDF11E621C0B91500CEDDA6 /* Release */ = {
			isa = XCBuildConfiguration;
			buildSettings = {
				ALWAYS_SEARCH_USER_PATHS = NO;
				CLANG_ANALYZER_NONNULL = YES;
				CLANG_ANALYZER_NUMBER_OBJECT_CONVERSION = YES_AGGRESSIVE;
				CLANG_CXX_LANGUAGE_STANDARD = "gnu++14";
				CLANG_CXX_LIBRARY = "libc++";
				CLANG_ENABLE_MODULES = YES;
				CLANG_ENABLE_OBJC_ARC = YES;
				CLANG_ENABLE_OBJC_WEAK = YES;
				CLANG_WARN_BLOCK_CAPTURE_AUTORELEASING = YES;
				CLANG_WARN_BOOL_CONVERSION = YES;
				CLANG_WARN_COMMA = YES;
				CLANG_WARN_CONSTANT_CONVERSION = YES;
				CLANG_WARN_DEPRECATED_OBJC_IMPLEMENTATIONS = YES;
				CLANG_WARN_DIRECT_OBJC_ISA_USAGE = YES_ERROR;
				CLANG_WARN_DOCUMENTATION_COMMENTS = YES;
				CLANG_WARN_EMPTY_BODY = YES;
				CLANG_WARN_ENUM_CONVERSION = YES;
				CLANG_WARN_INFINITE_RECURSION = YES;
				CLANG_WARN_INT_CONVERSION = YES;
				CLANG_WARN_NON_LITERAL_NULL_CONVERSION = YES;
				CLANG_WARN_OBJC_IMPLICIT_RETAIN_SELF = YES;
				CLANG_WARN_OBJC_LITERAL_CONVERSION = YES;
				CLANG_WARN_OBJC_ROOT_CLASS = YES_ERROR;
				CLANG_WARN_RANGE_LOOP_ANALYSIS = YES;
				CLANG_WARN_STRICT_PROTOTYPES = YES;
				CLANG_WARN_SUSPICIOUS_MOVE = YES;
				CLANG_WARN_UNGUARDED_AVAILABILITY = YES_AGGRESSIVE;
				CLANG_WARN_UNREACHABLE_CODE = YES;
				CLANG_WARN__DUPLICATE_METHOD_MATCH = YES;
				CODE_SIGN_IDENTITY = "iPhone Developer";
				COPY_PHASE_STRIP = NO;
				DEBUG_INFORMATION_FORMAT = "dwarf-with-dsym";
				ENABLE_NS_ASSERTIONS = NO;
				ENABLE_STRICT_OBJC_MSGSEND = YES;
				GCC_C_LANGUAGE_STANDARD = gnu11;
				GCC_NO_COMMON_BLOCKS = YES;
				GCC_WARN_64_TO_32_BIT_CONVERSION = YES;
				GCC_WARN_ABOUT_RETURN_TYPE = YES_ERROR;
				GCC_WARN_UNDECLARED_SELECTOR = YES;
				GCC_WARN_UNINITIALIZED_AUTOS = YES_AGGRESSIVE;
				GCC_WARN_UNUSED_FUNCTION = YES;
				GCC_WARN_UNUSED_VARIABLE = YES;
				IPHONEOS_DEPLOYMENT_TARGET = 12.1;
				MTL_ENABLE_DEBUG_INFO = NO;
				MTL_FAST_MATH = YES;
				SDKROOT = iphoneos;
				SWIFT_COMPILATION_MODE = wholemodule;
				SWIFT_OPTIMIZATION_LEVEL = "-O";
				VALIDATE_PRODUCT = YES;
			};
			name = Release;
		};
		1CDF11E821C0B91500CEDDA6 /* Debug */ = {
			isa = XCBuildConfiguration;
			buildSettings = {
				ASSETCATALOG_COMPILER_APPICON_NAME = AppIcon;
				CODE_SIGN_STYLE = Automatic;
				DEVELOPMENT_TEAM = P8JYKVHYH7;
				INFOPLIST_FILE = tarte/Info.plist;
				LD_RUNPATH_SEARCH_PATHS = (
					"$(inherited)",
					"@executable_path/Frameworks",
				);
				PRODUCT_BUNDLE_IDENTIFIER = com.onox.tarte;
				PRODUCT_NAME = "$(TARGET_NAME)";
				SWIFT_VERSION = 4.2;
				TARGETED_DEVICE_FAMILY = "1,2";
			};
			name = Debug;
		};
		1CDF11E921C0B91500CEDDA6 /* Release */ = {
			isa = XCBuildConfiguration;
			buildSettings = {
				ASSETCATALOG_COMPILER_APPICON_NAME = AppIcon;
				CODE_SIGN_STYLE = Automatic;
				DEVELOPMENT_TEAM = P8JYKVHYH7;
				INFOPLIST_FILE = tarte/Info.plist;
				LD_RUNPATH_SEARCH_PATHS = (
					"$(inherited)",
					"@executable_path/Frameworks",
				);
				PRODUCT_BUNDLE_IDENTIFIER = com.onox.tarte;
				PRODUCT_NAME = "$(TARGET_NAME)";
				SWIFT_VERSION = 4.2;
				TARGETED_DEVICE_FAMILY = "1,2";
			};
			name = Release;
		};
/* End XCBuildConfiguration section */

/* Begin XCConfigurationList section */
		1CDF11D021C0B91300CEDDA6 /* Build configuration list for PBXProject "tarte" */ = {
			isa = XCConfigurationList;
			buildConfigurations = (
				1CDF11E521C0B91500CEDDA6 /* Debug */,
				1CDF11E621C0B91500CEDDA6 /* Release */,
			);
			defaultConfigurationIsVisible = 0;
			defaultConfigurationName = Release;
		};
		1CDF11E721C0B91500CEDDA6 /* Build configuration list for PBXNativeTarget "tarte" */ = {
			isa = XCConfigurationList;
			buildConfigurations = (
				1CDF11E821C0B91500CEDDA6 /* Debug */,
				1CDF11E921C0B91500CEDDA6 /* Release */,
			);
			defaultConfigurationIsVisible = 0;
			defaultConfigurationName = Release;
		};
/* End XCConfigurationList section */
	};
	rootObject = 1CDF11CD21C0B91300CEDDA6 /* Project object */;
}
